{
    "_readme": [
        "This file locks the dependencies of your project to a known state",
        "Read more about it at http://getcomposer.org/doc/01-basic-usage.md#composer-lock-the-lock-file"
    ],
    "hash": "c63f8be644a0ba60d2e42bebca94e325",
    "packages": [
        {
            "name": "rackspace/php-opencloud",
            "version": "dev-working",
            "source": {
                "type": "git",
                "url": "https://github.com/rackspace/php-opencloud.git",
                "reference": "8d8b057ab23c7e978eb6266eeb4be3d7a6ea3ab0"
            },
            "dist": {
                "type": "zip",
                "url": "https://api.github.com/repos/rackspace/php-opencloud/zipball/8d8b057ab23c7e978eb6266eeb4be3d7a6ea3ab0",
                "reference": "8d8b057ab23c7e978eb6266eeb4be3d7a6ea3ab0",
                "shasum": ""
            },
            "require": {
                "ext-curl": "*",
                "php": ">=5.3.0"
            },
            "type": "library",
            "autoload": {
                "classmap": [
                    "lib/"
                ]
            },
            "notification-url": "https://packagist.org/downloads/",
            "license": [
                "MIT"
            ],
            "authors": [
                {
                    "name": "Glen Campbell",
                    "email": "glen.campbell@rackspace.com"
                },
                {
                    "name": "Jamie Hannaford",
                    "email": "jamie@limetree.org"
                }
            ],
            "description": "Rackspace open cloud php library",
            "keywords": [
                "cloudfiles",
                "opencloud"
            ],
            "time": "2013-06-27 03:50:40"
        }
    ],
    "packages-dev": [

    ],
    "aliases": [

    ],
    "minimum-stability": "stable",
    "stability-flags": {
        "rackspace/php-opencloud": 20
    },
    "platform": [

    ],
    "platform-dev": [

    ]
}
